// !$*UTF8*$!
{
	archiveVersion = 1;
	classes = {
	};
	objectVersion = 48;
	objects = {

/* Begin PBXBuildFile section */
		CB4CE2052074404D00C599A8 /* AppDelegate.swift in Sources */ = {isa = PBXBuildFile; fileRef = CB4CE2042074404D00C599A8 /* AppDelegate.swift */; };
		CB4CE2072074404D00C599A8 /* MainViewController.swift in Sources */ = {isa = PBXBuildFile; fileRef = CB4CE2062074404D00C599A8 /* MainViewController.swift */; };
		CB4CE20A2074404D00C599A8 /* Main.storyboard in Resources */ = {isa = PBXBuildFile; fileRef = CB4CE2082074404D00C599A8 /* Main.storyboard */; };
		CB4CE20C2074404D00C599A8 /* Assets.xcassets in Resources */ = {isa = PBXBuildFile; fileRef = CB4CE20B2074404D00C599A8 /* Assets.xcassets */; };
		CB4CE20F2074404D00C599A8 /* LaunchScreen.storyboard in Resources */ = {isa = PBXBuildFile; fileRef = CB4CE20D2074404D00C599A8 /* LaunchScreen.storyboard */; };
		CB4CE21A2074404D00C599A8 /* Flickr_Is_FunTests.swift in Sources */ = {isa = PBXBuildFile; fileRef = CB4CE2192074404D00C599A8 /* Flickr_Is_FunTests.swift */; };
		CB4CE2282075A9C100C599A8 /* ApiObjects.swift in Sources */ = {isa = PBXBuildFile; fileRef = CB4CE2272075A9C100C599A8 /* ApiObjects.swift */; };
		CB90FA1A2078382800D69FF3 /* DataModel.swift in Sources */ = {isa = PBXBuildFile; fileRef = CB90FA192078382800D69FF3 /* DataModel.swift */; };
		CB90FA1C20783AF800D69FF3 /* ImageCollectionViewCell.swift in Sources */ = {isa = PBXBuildFile; fileRef = CB90FA1B20783AF800D69FF3 /* ImageCollectionViewCell.swift */; };
		CB90FA1E2078647900D69FF3 /* PopupViewController.swift in Sources */ = {isa = PBXBuildFile; fileRef = CB90FA1D2078647900D69FF3 /* PopupViewController.swift */; };
		CB90FA202078723D00D69FF3 /* love-your-future.png in Resources */ = {isa = PBXBuildFile; fileRef = CB90FA1F2078723C00D69FF3 /* love-your-future.png */; };
/* End PBXBuildFile section */

/* Begin PBXContainerItemProxy section */
		CB4CE2162074404D00C599A8 /* PBXContainerItemProxy */ = {
			isa = PBXContainerItemProxy;
			containerPortal = CB4CE1F92074404D00C599A8 /* Project object */;
			proxyType = 1;
			remoteGlobalIDString = CB4CE2002074404D00C599A8;
			remoteInfo = "Flickr Is Fun";
		};
/* End PBXContainerItemProxy section */

/* Begin PBXFileReference section */
		CB4CE2012074404D00C599A8 /* Flickr Is Fun.app */ = {isa = PBXFileReference; explicitFileType = wrapper.application; includeInIndex = 0; path = "Flickr Is Fun.app"; sourceTree = BUILT_PRODUCTS_DIR; };
		CB4CE2042074404D00C599A8 /* AppDelegate.swift */ = {isa = PBXFileReference; lastKnownFileType = sourcecode.swift; path = AppDelegate.swift; sourceTree = "<group>"; };
		CB4CE2062074404D00C599A8 /* MainViewController.swift */ = {isa = PBXFileReference; lastKnownFileType = sourcecode.swift; path = MainViewController.swift; sourceTree = "<group>"; };
		CB4CE2092074404D00C599A8 /* Base */ = {isa = PBXFileReference; lastKnownFileType = file.storyboard; name = Base; path = Base.lproj/Main.storyboard; sourceTree = "<group>"; };
		CB4CE20B2074404D00C599A8 /* Assets.xcassets */ = {isa = PBXFileReference; lastKnownFileType = folder.assetcatalog; path = Assets.xcassets; sourceTree = "<group>"; };
		CB4CE20E2074404D00C599A8 /* Base */ = {isa = PBXFileReference; lastKnownFileType = file.storyboard; name = Base; path = Base.lproj/LaunchScreen.storyboard; sourceTree = "<group>"; };
		CB4CE2102074404D00C599A8 /* Info.plist */ = {isa = PBXFileReference; lastKnownFileType = text.plist.xml; path = Info.plist; sourceTree = "<group>"; };
		CB4CE2152074404D00C599A8 /* Flickr Is FunTests.xctest */ = {isa = PBXFileReference; explicitFileType = wrapper.cfbundle; includeInIndex = 0; path = "Flickr Is FunTests.xctest"; sourceTree = BUILT_PRODUCTS_DIR; };
		CB4CE2192074404D00C599A8 /* Flickr_Is_FunTests.swift */ = {isa = PBXFileReference; lastKnownFileType = sourcecode.swift; path = Flickr_Is_FunTests.swift; sourceTree = "<group>"; };
		CB4CE21B2074404D00C599A8 /* Info.plist */ = {isa = PBXFileReference; lastKnownFileType = text.plist.xml; path = Info.plist; sourceTree = "<group>"; };
		CB4CE2272075A9C100C599A8 /* ApiObjects.swift */ = {isa = PBXFileReference; lastKnownFileType = sourcecode.swift; path = ApiObjects.swift; sourceTree = "<group>"; };
		CB90FA192078382800D69FF3 /* DataModel.swift */ = {isa = PBXFileReference; lastKnownFileType = sourcecode.swift; path = DataModel.swift; sourceTree = "<group>"; };
		CB90FA1B20783AF800D69FF3 /* ImageCollectionViewCell.swift */ = {isa = PBXFileReference; lastKnownFileType = sourcecode.swift; path = ImageCollectionViewCell.swift; sourceTree = "<group>"; };
		CB90FA1D2078647900D69FF3 /* PopupViewController.swift */ = {isa = PBXFileReference; lastKnownFileType = sourcecode.swift; path = PopupViewController.swift; sourceTree = "<group>"; };
		CB90FA1F2078723C00D69FF3 /* love-your-future.png */ = {isa = PBXFileReference; lastKnownFileType = image.png; path = "love-your-future.png"; sourceTree = "<group>"; };
/* End PBXFileReference section */

/* Begin PBXFrameworksBuildPhase section */
		CB4CE1FE2074404D00C599A8 /* Frameworks */ = {
			isa = PBXFrameworksBuildPhase;
			buildActionMask = 2147483647;
			files = (
			);
			runOnlyForDeploymentPostprocessing = 0;
		};
		CB4CE2122074404D00C599A8 /* Frameworks */ = {
			isa = PBXFrameworksBuildPhase;
			buildActionMask = 2147483647;
			files = (
			);
			runOnlyForDeploymentPostprocessing = 0;
		};
/* End PBXFrameworksBuildPhase section */

/* Begin PBXGroup section */
		CB4CE1F82074404D00C599A8 = {
			isa = PBXGroup;
			children = (
				CB4CE2032074404D00C599A8 /* Flickr Is Fun */,
				CB4CE2182074404D00C599A8 /* Flickr Is FunTests */,
				CB4CE2022074404D00C599A8 /* Products */,
			);
			sourceTree = "<group>";
		};
		CB4CE2022074404D00C599A8 /* Products */ = {
			isa = PBXGroup;
			children = (
				CB4CE2012074404D00C599A8 /* Flickr Is Fun.app */,
				CB4CE2152074404D00C599A8 /* Flickr Is FunTests.xctest */,
			);
			name = Products;
			sourceTree = "<group>";
		};
		CB4CE2032074404D00C599A8 /* Flickr Is Fun */ = {
			isa = PBXGroup;
			children = (
				CB90FA1F2078723C00D69FF3 /* love-your-future.png */,
				CB4CE2242075A5FD00C599A8 /* FlickrApi */,
				CB4CE20B2074404D00C599A8 /* Assets.xcassets */,
				CB4CE2042074404D00C599A8 /* AppDelegate.swift */,
				CB90FA192078382800D69FF3 /* DataModel.swift */,
				CB90FA1B20783AF800D69FF3 /* ImageCollectionViewCell.swift */,
				CB4CE2102074404D00C599A8 /* Info.plist */,
				CB4CE20D2074404D00C599A8 /* LaunchScreen.storyboard */,
				CB4CE2082074404D00C599A8 /* Main.storyboard */,
				CB4CE2062074404D00C599A8 /* MainViewController.swift */,
				CB90FA1D2078647900D69FF3 /* PopupViewController.swift */,
			);
			path = "Flickr Is Fun";
			sourceTree = "<group>";
		};
		CB4CE2182074404D00C599A8 /* Flickr Is FunTests */ = {
			isa = PBXGroup;
			children = (
				CB4CE2192074404D00C599A8 /* Flickr_Is_FunTests.swift */,
				CB4CE21B2074404D00C599A8 /* Info.plist */,
			);
			path = "Flickr Is FunTests";
			sourceTree = "<group>";
		};
		CB4CE2242075A5FD00C599A8 /* FlickrApi */ = {
			isa = PBXGroup;
			children = (
				CB4CE2272075A9C100C599A8 /* ApiObjects.swift */,
			);
			path = FlickrApi;
			sourceTree = "<group>";
		};
/* End PBXGroup section */

/* Begin PBXNativeTarget section */
		CB4CE2002074404D00C599A8 /* Flickr Is Fun */ = {
			isa = PBXNativeTarget;
			buildConfigurationList = CB4CE21E2074404D00C599A8 /* Build configuration list for PBXNativeTarget "Flickr Is Fun" */;
			buildPhases = (
				CB4CE1FD2074404D00C599A8 /* Sources */,
				CB4CE1FE2074404D00C599A8 /* Frameworks */,
				CB4CE1FF2074404D00C599A8 /* Resources */,
			);
			buildRules = (
			);
			dependencies = (
			);
			name = "Flickr Is Fun";
			productName = "Flickr Is Fun";
			productReference = CB4CE2012074404D00C599A8 /* Flickr Is Fun.app */;
			productType = "com.apple.product-type.application";
		};
		CB4CE2142074404D00C599A8 /* Flickr Is FunTests */ = {
			isa = PBXNativeTarget;
			buildConfigurationList = CB4CE2212074404D00C599A8 /* Build configuration list for PBXNativeTarget "Flickr Is FunTests" */;
			buildPhases = (
				CB4CE2112074404D00C599A8 /* Sources */,
				CB4CE2122074404D00C599A8 /* Frameworks */,
				CB4CE2132074404D00C599A8 /* Resources */,
			);
			buildRules = (
			);
			dependencies = (
				CB4CE2172074404D00C599A8 /* PBXTargetDependency */,
			);
			name = "Flickr Is FunTests";
			productName = "Flickr Is FunTests";
			productReference = CB4CE2152074404D00C599A8 /* Flickr Is FunTests.xctest */;
			productType = "com.apple.product-type.bundle.unit-test";
		};
/* End PBXNativeTarget section */

/* Begin PBXProject section */
		CB4CE1F92074404D00C599A8 /* Project object */ = {
			isa = PBXProject;
			attributes = {
				LastSwiftUpdateCheck = 0920;
				LastUpgradeCheck = 0920;
				ORGANIZATIONNAME = "Christine Jogerst";
				TargetAttributes = {
					CB4CE2002074404D00C599A8 = {
						CreatedOnToolsVersion = 9.2;
						ProvisioningStyle = Automatic;
					};
					CB4CE2142074404D00C599A8 = {
						CreatedOnToolsVersion = 9.2;
						ProvisioningStyle = Automatic;
						TestTargetID = CB4CE2002074404D00C599A8;
					};
				};
			};
			buildConfigurationList = CB4CE1FC2074404D00C599A8 /* Build configuration list for PBXProject "Flickr Is Fun" */;
			compatibilityVersion = "Xcode 8.0";
			developmentRegion = en;
			hasScannedForEncodings = 0;
			knownRegions = (
				en,
				Base,
			);
			mainGroup = CB4CE1F82074404D00C599A8;
			productRefGroup = CB4CE2022074404D00C599A8 /* Products */;
			projectDirPath = "";
			projectRoot = "";
			targets = (
				CB4CE2002074404D00C599A8 /* Flickr Is Fun */,
				CB4CE2142074404D00C599A8 /* Flickr Is FunTests */,
			);
		};
/* End PBXProject section */

/* Begin PBXResourcesBuildPhase section */
		CB4CE1FF2074404D00C599A8 /* Resources */ = {
			isa = PBXResourcesBuildPhase;
			buildActionMask = 2147483647;
			files = (
				CB90FA202078723D00D69FF3 /* love-your-future.png in Resources */,
				CB4CE20F2074404D00C599A8 /* LaunchScreen.storyboard in Resources */,
				CB4CE20C2074404D00C599A8 /* Assets.xcassets in Resources */,
				CB4CE20A2074404D00C599A8 /* Main.storyboard in Resources */,
			);
			runOnlyForDeploymentPostprocessing = 0;
		};
		CB4CE2132074404D00C599A8 /* Resources */ = {
			isa = PBXResourcesBuildPhase;
			buildActionMask = 2147483647;
			files = (
			);
			runOnlyForDeploymentPostprocessing = 0;
		};
/* End PBXResourcesBuildPhase section */

/* Begin PBXSourcesBuildPhase section */
		CB4CE1FD2074404D00C599A8 /* Sources */ = {
			isa = PBXSourcesBuildPhase;
			buildActionMask = 2147483647;
			files = (
				CB90FA1C20783AF800D69FF3 /* ImageCollectionViewCell.swift in Sources */,
				CB90FA1A2078382800D69FF3 /* DataModel.swift in Sources */,
				CB4CE2282075A9C100C599A8 /* ApiObjects.swift in Sources */,
				CB4CE2072074404D00C599A8 /* MainViewController.swift in Sources */,
				CB4CE2052074404D00C599A8 /* AppDelegate.swift in Sources */,
				CB90FA1E2078647900D69FF3 /* PopupViewController.swift in Sources */,
			);
			runOnlyForDeploymentPostprocessing = 0;
		};
		CB4CE2112074404D00C599A8 /* Sources */ = {
			isa = PBXSourcesBuildPhase;
			buildActionMask = 2147483647;
			files = (
				CB4CE21A2074404D00C599A8 /* Flickr_Is_FunTests.swift in Sources */,
			);
			runOnlyForDeploymentPostprocessing = 0;
		};
/* End PBXSourcesBuildPhase section */

/* Begin PBXTargetDependency section */
		CB4CE2172074404D00C599A8 /* PBXTargetDependency */ = {
			isa = PBXTargetDependency;
			target = CB4CE2002074404D00C599A8 /* Flickr Is Fun */;
			targetProxy = CB4CE2162074404D00C599A8 /* PBXContainerItemProxy */;
		};
/* End PBXTargetDependency section */

/* Begin PBXVariantGroup section */
		CB4CE2082074404D00C599A8 /* Main.storyboard */ = {
			isa = PBXVariantGroup;
			children = (
				CB4CE2092074404D00C599A8 /* Base */,
			);
			name = Main.storyboard;
			sourceTree = "<group>";
		};
		CB4CE20D2074404D00C599A8 /* LaunchScreen.storyboard */ = {
			isa = PBXVariantGroup;
			children = (
				CB4CE20E2074404D00C599A8 /* Base */,
			);
			name = LaunchScreen.storyboard;
			sourceTree = "<group>";
		};
/* End PBXVariantGroup section */

/* Begin XCBuildConfiguration section */
		CB4CE21C2074404D00C599A8 /* Debug */ = {
			isa = XCBuildConfiguration;
			buildSettings = {
				ALWAYS_SEARCH_USER_PATHS = NO;
				CLANG_ANALYZER_NONNULL = YES;
				CLANG_ANALYZER_NUMBER_OBJECT_CONVERSION = YES_AGGRESSIVE;
				CLANG_CXX_LANGUAGE_STANDARD = "gnu++14";
				CLANG_CXX_LIBRARY = "libc++";
				CLANG_ENABLE_MODULES = YES;
				CLANG_ENABLE_OBJC_ARC = YES;
				CLANG_WARN_BLOCK_CAPTURE_AUTORELEASING = YES;
				CLANG_WARN_BOOL_CONVERSION = YES;
				CLANG_WARN_COMMA = YES;
				CLANG_WARN_CONSTANT_CONVERSION = YES;
				CLANG_WARN_DIRECT_OBJC_ISA_USAGE = YES_ERROR;
				CLANG_WARN_DOCUMENTATION_COMMENTS = YES;
				CLANG_WARN_EMPTY_BODY = YES;
				CLANG_WARN_ENUM_CONVERSION = YES;
				CLANG_WARN_INFINITE_RECURSION = YES;
				CLANG_WARN_INT_CONVERSION = YES;
				CLANG_WARN_NON_LITERAL_NULL_CONVERSION = YES;
				CLANG_WARN_OBJC_LITERAL_CONVERSION = YES;
				CLANG_WARN_OBJC_ROOT_CLASS = YES_ERROR;
				CLANG_WARN_RANGE_LOOP_ANALYSIS = YES;
				CLANG_WARN_STRICT_PROTOTYPES = YES;
				CLANG_WARN_SUSPICIOUS_MOVE = YES;
				CLANG_WARN_UNGUARDED_AVAILABILITY = YES_AGGRESSIVE;
				CLANG_WARN_UNREACHABLE_CODE = YES;
				CLANG_WARN__DUPLICATE_METHOD_MATCH = YES;
				CODE_SIGN_IDENTITY = "iPhone Developer";
				COPY_PHASE_STRIP = NO;
				DEBUG_INFORMATION_FORMAT = dwarf;
				ENABLE_STRICT_OBJC_MSGSEND = YES;
				ENABLE_TESTABILITY = YES;
				GCC_C_LANGUAGE_STANDARD = gnu11;
				GCC_DYNAMIC_NO_PIC = NO;
				GCC_NO_COMMON_BLOCKS = YES;
				GCC_OPTIMIZATION_LEVEL = 0;
				GCC_PREPROCESSOR_DEFINITIONS = (
					"DEBUG=1",
					"$(inherited)",
				);
				GCC_WARN_64_TO_32_BIT_CONVERSION = YES;
				GCC_WARN_ABOUT_RETURN_TYPE = YES_ERROR;
				GCC_WARN_UNDECLARED_SELECTOR = YES;
				GCC_WARN_UNINITIALIZED_AUTOS = YES_AGGRESSIVE;
				GCC_WARN_UNUSED_FUNCTION = YES;
				GCC_WARN_UNUSED_VARIABLE = YES;
				IPHONEOS_DEPLOYMENT_TARGET = 11.2;
				MTL_ENABLE_DEBUG_INFO = YES;
				ONLY_ACTIVE_ARCH = YES;
				SDKROOT = iphoneos;
				SWIFT_ACTIVE_COMPILATION_CONDITIONS = DEBUG;
				SWIFT_OPTIMIZATION_LEVEL = "-Onone";
			};
			name = Debug;
		};
		CB4CE21D2074404D00C599A8 /* Release */ = {
			isa = XCBuildConfiguration;
			buildSettings = {
				ALWAYS_SEARCH_USER_PATHS = NO;
				CLANG_ANALYZER_NONNULL = YES;
				CLANG_ANALYZER_NUMBER_OBJECT_CONVERSION = YES_AGGRESSIVE;
				CLANG_CXX_LANGUAGE_STANDARD = "gnu++14";
				CLANG_CXX_LIBRARY = "libc++";
				CLANG_ENABLE_MODULES = YES;
				CLANG_ENABLE_OBJC_ARC = YES;
				CLANG_WARN_BLOCK_CAPTURE_AUTORELEASING = YES;
				CLANG_WARN_BOOL_CONVERSION = YES;
				CLANG_WARN_COMMA = YES;
				CLANG_WARN_CONSTANT_CONVERSION = YES;
				CLANG_WARN_DIRECT_OBJC_ISA_USAGE = YES_ERROR;
				CLANG_WARN_DOCUMENTATION_COMMENTS = YES;
				CLANG_WARN_EMPTY_BODY = YES;
				CLANG_WARN_ENUM_CONVERSION = YES;
				CLANG_WARN_INFINITE_RECURSION = YES;
				CLANG_WARN_INT_CONVERSION = YES;
				CLANG_WARN_NON_LITERAL_NULL_CONVERSION = YES;
				CLANG_WARN_OBJC_LITERAL_CONVERSION = YES;
				CLANG_WARN_OBJC_ROOT_CLASS = YES_ERROR;
				CLANG_WARN_RANGE_LOOP_ANALYSIS = YES;
				CLANG_WARN_STRICT_PROTOTYPES = YES;
				CLANG_WARN_SUSPICIOUS_MOVE = YES;
				CLANG_WARN_UNGUARDED_AVAILABILITY = YES_AGGRESSIVE;
				CLANG_WARN_UNREACHABLE_CODE = YES;
				CLANG_WARN__DUPLICATE_METHOD_MATCH = YES;
				CODE_SIGN_IDENTITY = "iPhone Developer";
				COPY_PHASE_STRIP = NO;
				DEBUG_INFORMATION_FORMAT = "dwarf-with-dsym";
				ENABLE_NS_ASSERTIONS = NO;
				ENABLE_STRICT_OBJC_MSGSEND = YES;
				GCC_C_LANGUAGE_STANDARD = gnu11;
				GCC_NO_COMMON_BLOCKS = YES;
				GCC_WARN_64_TO_32_BIT_CONVERSION = YES;
				GCC_WARN_ABOUT_RETURN_TYPE = YES_ERROR;
				GCC_WARN_UNDECLARED_SELECTOR = YES;
				GCC_WARN_UNINITIALIZED_AUTOS = YES_AGGRESSIVE;
				GCC_WARN_UNUSED_FUNCTION = YES;
				GCC_WARN_UNUSED_VARIABLE = YES;
				IPHONEOS_DEPLOYMENT_TARGET = 11.2;
				MTL_ENABLE_DEBUG_INFO = NO;
				SDKROOT = iphoneos;
				SWIFT_OPTIMIZATION_LEVEL = "-Owholemodule";
				VALIDATE_PRODUCT = YES;
			};
			name = Release;
		};
		CB4CE21F2074404D00C599A8 /* Debug */ = {
			isa = XCBuildConfiguration;
			buildSettings = {
				ASSETCATALOG_COMPILER_APPICON_NAME = AppIcon;
				CODE_SIGN_STYLE = Automatic;
				INFOPLIST_FILE = "Flickr Is Fun/Info.plist";
				LD_RUNPATH_SEARCH_PATHS = "$(inherited) @executable_path/Frameworks";
				PRODUCT_BUNDLE_IDENTIFIER = "com.christinejay.Flickr-Is-Fun";
				PRODUCT_NAME = "$(TARGET_NAME)";
				SWIFT_VERSION = 4.0;
				TARGETED_DEVICE_FAMILY = "1,2";
			};
			name = Debug;
		};
		CB4CE2202074404D00C599A8 /* Release */ = {
			isa = XCBuildConfiguration;
			buildSettings = {
				ASSETCATALOG_COMPILER_APPICON_NAME = AppIcon;
				CODE_SIGN_STYLE = Automatic;
				INFOPLIST_FILE = "Flickr Is Fun/Info.plist";
				LD_RUNPATH_SEARCH_PATHS = "$(inherited) @executable_path/Frameworks";
				PRODUCT_BUNDLE_IDENTIFIER = "com.christinejay.Flickr-Is-Fun";
				PRODUCT_NAME = "$(TARGET_NAME)";
				SWIFT_VERSION = 4.0;
				TARGETED_DEVICE_FAMILY = "1,2";
			};
			name = Release;
		};
		CB4CE2222074404D00C599A8 /* Debug */ = {
			isa = XCBuildConfiguration;
			buildSettings = {
				ALWAYS_EMBED_SWIFT_STANDARD_LIBRARIES = YES;
				BUNDLE_LOADER = "$(TEST_HOST)";
				CODE_SIGN_STYLE = Automatic;
				INFOPLIST_FILE = "Flickr Is FunTests/Info.plist";
				LD_RUNPATH_SEARCH_PATHS = "$(inherited) @executable_path/Frameworks @loader_path/Frameworks";
				PRODUCT_BUNDLE_IDENTIFIER = "com.christinejay.Flickr-Is-FunTests";
				PRODUCT_NAME = "$(TARGET_NAME)";
				SWIFT_VERSION = 4.0;
				TARGETED_DEVICE_FAMILY = "1,2";
				TEST_HOST = "$(BUILT_PRODUCTS_DIR)/Flickr Is Fun.app/Flickr Is Fun";
			};
			name = Debug;
		};
		CB4CE2232074404D00C599A8 /* Release */ = {
			isa = XCBuildConfiguration;
			buildSettings = {
				ALWAYS_EMBED_SWIFT_STANDARD_LIBRARIES = YES;
				BUNDLE_LOADER = "$(TEST_HOST)";
				CODE_SIGN_STYLE = Automatic;
				INFOPLIST_FILE = "Flickr Is FunTests/Info.plist";
				LD_RUNPATH_SEARCH_PATHS = "$(inherited) @executable_path/Frameworks @loader_path/Frameworks";
				PRODUCT_BUNDLE_IDENTIFIER = "com.christinejay.Flickr-Is-FunTests";
				PRODUCT_NAME = "$(TARGET_NAME)";
				SWIFT_VERSION = 4.0;
				TARGETED_DEVICE_FAMILY = "1,2";
				TEST_HOST = "$(BUILT_PRODUCTS_DIR)/Flickr Is Fun.app/Flickr Is Fun";
			};
			name = Release;
		};
/* End XCBuildConfiguration section */

/* Begin XCConfigurationList section */
		CB4CE1FC2074404D00C599A8 /* Build configuration list for PBXProject "Flickr Is Fun" */ = {
			isa = XCConfigurationList;
			buildConfigurations = (
				CB4CE21C2074404D00C599A8 /* Debug */,
				CB4CE21D2074404D00C599A8 /* Release */,
			);
			defaultConfigurationIsVisible = 0;
			defaultConfigurationName = Release;
		};
		CB4CE21E2074404D00C599A8 /* Build configuration list for PBXNativeTarget "Flickr Is Fun" */ = {
			isa = XCConfigurationList;
			buildConfigurations = (
				CB4CE21F2074404D00C599A8 /* Debug */,
				CB4CE2202074404D00C599A8 /* Release */,
			);
			defaultConfigurationIsVisible = 0;
			defaultConfigurationName = Release;
		};
		CB4CE2212074404D00C599A8 /* Build configuration list for PBXNativeTarget "Flickr Is FunTests" */ = {
			isa = XCConfigurationList;
			buildConfigurations = (
				CB4CE2222074404D00C599A8 /* Debug */,
				CB4CE2232074404D00C599A8 /* Release */,
			);
			defaultConfigurationIsVisible = 0;
			defaultConfigurationName = Release;
		};
/* End XCConfigurationList section */
	};
	rootObject = CB4CE1F92074404D00C599A8 /* Project object */;
}
